
Microsoft Visual Studio Solution File, Format Version 12.00
# Visual Studio Version 17
VisualStudioVersion = 17.5.002.0
MinimumVisualStudioVersion = 10.0.40219.1
Project("{9A19103F-16F7-4668-BE54-9A1E7A4F7556}") = "PostCommentApi", "PostCommentApi.csproj", "{74E2530A-1D90-4550-ABCB-C1367805F6C3}"
EndProject
Global
	GlobalSection(SolutionConfigurationPlatforms) = preSolution
		Debug|Any CPU = Debug|Any CPU
		Release|Any CPU = Release|Any CPU
	EndGlobalSection
	GlobalSection(ProjectConfigurationPlatforms) = postSolution
		{74E2530A-1D90-4550-ABCB-C1367805F6C3}.Debug|Any CPU.ActiveCfg = Debug|Any CPU
		{74E2530A-1D90-4550-ABCB-C1367805F6C3}.Debug|Any CPU.Build.0 = Debug|Any CPU
		{74E2530A-1D90-4550-ABCB-C1367805F6C3}.Release|Any CPU.ActiveCfg = Release|Any CPU
		{74E2530A-1D90-4550-ABCB-C1367805F6C3}.Release|Any CPU.Build.0 = Release|Any CPU
	EndGlobalSection
	GlobalSection(SolutionProperties) = preSolution
		HideSolutionNode = FALSE
	EndGlobalSection
	GlobalSection(ExtensibilityGlobals) = postSolution
		SolutionGuid = {D13BB9BB-597E-4FA6-9BAF-A2C0D47D84E7}
	EndGlobalSection
EndGlobal
